// !$*UTF8*$!
{
	archiveVersion = 1;
	classes = {
	};
	objectVersion = 56;
	objects = {

/* Begin PBXBuildFile section */
		E90505F32A0CEC08007FC30E /* Content2.swift in Sources */ = {isa = PBXBuildFile; fileRef = E90505F22A0CEC08007FC30E /* Content2.swift */; };
		E9186EB3297C5726005B76BE /* AppDelegate.swift in Sources */ = {isa = PBXBuildFile; fileRef = E9186EB2297C5726005B76BE /* AppDelegate.swift */; };
		E91FB8C12A0990550028F33E /* DataManager.swift in Sources */ = {isa = PBXBuildFile; fileRef = E91FB8C02A0990550028F33E /* DataManager.swift */; };
		E91FB8C42A0992200028F33E /* Vibro.swift in Sources */ = {isa = PBXBuildFile; fileRef = E91FB8C32A0992200028F33E /* Vibro.swift */; };
		E91FB8CC2A0993360028F33E /* BaseViewController.swift in Sources */ = {isa = PBXBuildFile; fileRef = E91FB8C82A0993360028F33E /* BaseViewController.swift */; };
		E91FB8CD2A0993360028F33E /* BaseCell.swift in Sources */ = {isa = PBXBuildFile; fileRef = E91FB8C92A0993360028F33E /* BaseCell.swift */; };
		E91FB8CE2A0993360028F33E /* BaseNavigationController.swift in Sources */ = {isa = PBXBuildFile; fileRef = E91FB8CA2A0993360028F33E /* BaseNavigationController.swift */; };
		E91FB8CF2A0993360028F33E /* Offsets.swift in Sources */ = {isa = PBXBuildFile; fileRef = E91FB8CB2A0993360028F33E /* Offsets.swift */; };
		E91FB8D62A0994170028F33E /* EpicsViewControllerRouter.swift in Sources */ = {isa = PBXBuildFile; fileRef = E91FB8D12A0994170028F33E /* EpicsViewControllerRouter.swift */; };
		E91FB8D72A0994170028F33E /* EpicsViewControllerViewController.swift in Sources */ = {isa = PBXBuildFile; fileRef = E91FB8D22A0994170028F33E /* EpicsViewControllerViewController.swift */; };
		E91FB8D82A0994170028F33E /* EpicsViewControllerProtocols.swift in Sources */ = {isa = PBXBuildFile; fileRef = E91FB8D32A0994170028F33E /* EpicsViewControllerProtocols.swift */; };
		E91FB8D92A0994170028F33E /* EpicsViewControllerBuilder.swift in Sources */ = {isa = PBXBuildFile; fileRef = E91FB8D42A0994170028F33E /* EpicsViewControllerBuilder.swift */; };
		E91FB8DA2A0994170028F33E /* EpicsViewControllerViewModel.swift in Sources */ = {isa = PBXBuildFile; fileRef = E91FB8D52A0994170028F33E /* EpicsViewControllerViewModel.swift */; };
		E91FB8DE2A0997B50028F33E /* EpicCell.swift in Sources */ = {isa = PBXBuildFile; fileRef = E91FB8DD2A0997B50028F33E /* EpicCell.swift */; };
		E91FB8E12A099D1D0028F33E /* NSObject.swift in Sources */ = {isa = PBXBuildFile; fileRef = E91FB8E02A099D1D0028F33E /* NSObject.swift */; };
		E91FB8E32A099E210028F33E /* UINavigationController.swift in Sources */ = {isa = PBXBuildFile; fileRef = E91FB8E22A099E210028F33E /* UINavigationController.swift */; };
		E91FB8E92A09A8090028F33E /* TestEpicRouter.swift in Sources */ = {isa = PBXBuildFile; fileRef = E91FB8E42A09A8090028F33E /* TestEpicRouter.swift */; };
		E91FB8EA2A09A8090028F33E /* TestEpicViewController.swift in Sources */ = {isa = PBXBuildFile; fileRef = E91FB8E52A09A8090028F33E /* TestEpicViewController.swift */; };
		E91FB8EB2A09A8090028F33E /* TestEpicProtocols.swift in Sources */ = {isa = PBXBuildFile; fileRef = E91FB8E62A09A8090028F33E /* TestEpicProtocols.swift */; };
		E91FB8EC2A09A8090028F33E /* TestEpicBuilder.swift in Sources */ = {isa = PBXBuildFile; fileRef = E91FB8E72A09A8090028F33E /* TestEpicBuilder.swift */; };
		E91FB8ED2A09A8090028F33E /* TestEpicViewModel.swift in Sources */ = {isa = PBXBuildFile; fileRef = E91FB8E82A09A8090028F33E /* TestEpicViewModel.swift */; };
		E91FB8F32A09BC470028F33E /* CollectionQwestions.swift in Sources */ = {isa = PBXBuildFile; fileRef = E91FB8F22A09BC470028F33E /* CollectionQwestions.swift */; };
		E91FB8F52A09BDED0028F33E /* AnswerCollectionCell.swift in Sources */ = {isa = PBXBuildFile; fileRef = E91FB8F42A09BDED0028F33E /* AnswerCollectionCell.swift */; };
		E91FB8F72A09BE160028F33E /* BaseCollectionCell.swift in Sources */ = {isa = PBXBuildFile; fileRef = E91FB8F62A09BE160028F33E /* BaseCollectionCell.swift */; };
		E91FB8F92A09C0590028F33E /* UIView.swift in Sources */ = {isa = PBXBuildFile; fileRef = E91FB8F82A09C0590028F33E /* UIView.swift */; };
		E91FB8FC2A0A4E560028F33E /* PageViewController.swift in Sources */ = {isa = PBXBuildFile; fileRef = E91FB8FB2A0A4E560028F33E /* PageViewController.swift */; };
		E91FB8FE2A0A51820028F33E /* ViewControllelQwestion.swift in Sources */ = {isa = PBXBuildFile; fileRef = E91FB8FD2A0A51820028F33E /* ViewControllelQwestion.swift */; };
		E91FB9002A0A5FFE0028F33E /* StackButton.swift in Sources */ = {isa = PBXBuildFile; fileRef = E91FB8FF2A0A5FFE0028F33E /* StackButton.swift */; };
		E91FB9022A0A67450028F33E /* UIStackView.swift in Sources */ = {isa = PBXBuildFile; fileRef = E91FB9012A0A67450028F33E /* UIStackView.swift */; };
		E91FB9052A0A6ED50028F33E /* SaveImg.swift in Sources */ = {isa = PBXBuildFile; fileRef = E91FB9042A0A6ED50028F33E /* SaveImg.swift */; };
		E91FB9072A0A6F050028F33E /* SaveImпDirectory.swift in Sources */ = {isa = PBXBuildFile; fileRef = E91FB9062A0A6F050028F33E /* SaveImпDirectory.swift */; };
		E91FB9092A0A6F3B0028F33E /* SaveImageExtension.swift in Sources */ = {isa = PBXBuildFile; fileRef = E91FB9082A0A6F3B0028F33E /* SaveImageExtension.swift */; };
		E95D6F422A0AE9D500E9C6B5 /* DTPhotoViewerController in Frameworks */ = {isa = PBXBuildFile; productRef = E95D6F412A0AE9D500E9C6B5 /* DTPhotoViewerController */; };
		E9869DC92A09840B00AF03DB /* UIResources.swift in Sources */ = {isa = PBXBuildFile; fileRef = E9869DC82A09840B00AF03DB /* UIResources.swift */; };
		E9869DD02A0985F700AF03DB /* Content.swift in Sources */ = {isa = PBXBuildFile; fileRef = E9869DCF2A0985F700AF03DB /* Content.swift */; };
		E9869DD22A09861C00AF03DB /* BaseModels.swift in Sources */ = {isa = PBXBuildFile; fileRef = E9869DD12A09861C00AF03DB /* BaseModels.swift */; };
		E9869DD52A0987FB00AF03DB /* SnapKit in Frameworks */ = {isa = PBXBuildFile; productRef = E9869DD42A0987FB00AF03DB /* SnapKit */; };
		E98F23EC2A0C295F00ABE154 /* LaunchScreen.storyboard in Resources */ = {isa = PBXBuildFile; fileRef = E9186EBD297C5727005B76BE /* LaunchScreen.storyboard */; };
		E98F23ED2A0C2A1500ABE154 /* Assets.xcassets in Resources */ = {isa = PBXBuildFile; fileRef = E9186EBB297C5727005B76BE /* Assets.xcassets */; };
		E9BE46842A0AED83003C8B6C /* UserDefManager.swift in Sources */ = {isa = PBXBuildFile; fileRef = E9BE46832A0AED83003C8B6C /* UserDefManager.swift */; };
/* End PBXBuildFile section */

/* Begin PBXFileReference section */
		E90505F22A0CEC08007FC30E /* Content2.swift */ = {isa = PBXFileReference; lastKnownFileType = sourcecode.swift; path = Content2.swift; sourceTree = "<group>"; };
		E9186EAF297C5726005B76BE /* Georgia.app */ = {isa = PBXFileReference; explicitFileType = wrapper.application; includeInIndex = 0; path = Georgia.app; sourceTree = BUILT_PRODUCTS_DIR; };
		E9186EB2297C5726005B76BE /* AppDelegate.swift */ = {isa = PBXFileReference; lastKnownFileType = sourcecode.swift; path = AppDelegate.swift; sourceTree = "<group>"; };
		E9186EBB297C5727005B76BE /* Assets.xcassets */ = {isa = PBXFileReference; lastKnownFileType = folder.assetcatalog; path = Assets.xcassets; sourceTree = "<group>"; };
		E9186EBE297C5727005B76BE /* Base */ = {isa = PBXFileReference; lastKnownFileType = file.storyboard; name = Base; path = Base.lproj/LaunchScreen.storyboard; sourceTree = "<group>"; };
		E9186EC0297C5727005B76BE /* Info.plist */ = {isa = PBXFileReference; lastKnownFileType = text.plist.xml; path = Info.plist; sourceTree = "<group>"; };
		E91FB8C02A0990550028F33E /* DataManager.swift */ = {isa = PBXFileReference; lastKnownFileType = sourcecode.swift; path = DataManager.swift; sourceTree = "<group>"; };
		E91FB8C32A0992200028F33E /* Vibro.swift */ = {isa = PBXFileReference; lastKnownFileType = sourcecode.swift; path = Vibro.swift; sourceTree = "<group>"; };
		E91FB8C82A0993360028F33E /* BaseViewController.swift */ = {isa = PBXFileReference; fileEncoding = 4; lastKnownFileType = sourcecode.swift; path = BaseViewController.swift; sourceTree = "<group>"; };
		E91FB8C92A0993360028F33E /* BaseCell.swift */ = {isa = PBXFileReference; fileEncoding = 4; lastKnownFileType = sourcecode.swift; path = BaseCell.swift; sourceTree = "<group>"; };
		E91FB8CA2A0993360028F33E /* BaseNavigationController.swift */ = {isa = PBXFileReference; fileEncoding = 4; lastKnownFileType = sourcecode.swift; path = BaseNavigationController.swift; sourceTree = "<group>"; };
		E91FB8CB2A0993360028F33E /* Offsets.swift */ = {isa = PBXFileReference; fileEncoding = 4; lastKnownFileType = sourcecode.swift; path = Offsets.swift; sourceTree = "<group>"; };
		E91FB8D12A0994170028F33E /* EpicsViewControllerRouter.swift */ = {isa = PBXFileReference; lastKnownFileType = sourcecode.swift; path = EpicsViewControllerRouter.swift; sourceTree = "<group>"; };
		E91FB8D22A0994170028F33E /* EpicsViewControllerViewController.swift */ = {isa = PBXFileReference; lastKnownFileType = sourcecode.swift; path = EpicsViewControllerViewController.swift; sourceTree = "<group>"; };
		E91FB8D32A0994170028F33E /* EpicsViewControllerProtocols.swift */ = {isa = PBXFileReference; lastKnownFileType = sourcecode.swift; path = EpicsViewControllerProtocols.swift; sourceTree = "<group>"; };
		E91FB8D42A0994170028F33E /* EpicsViewControllerBuilder.swift */ = {isa = PBXFileReference; lastKnownFileType = sourcecode.swift; path = EpicsViewControllerBuilder.swift; sourceTree = "<group>"; };
		E91FB8D52A0994170028F33E /* EpicsViewControllerViewModel.swift */ = {isa = PBXFileReference; lastKnownFileType = sourcecode.swift; path = EpicsViewControllerViewModel.swift; sourceTree = "<group>"; };
		E91FB8DD2A0997B50028F33E /* EpicCell.swift */ = {isa = PBXFileReference; lastKnownFileType = sourcecode.swift; path = EpicCell.swift; sourceTree = "<group>"; };
		E91FB8E02A099D1D0028F33E /* NSObject.swift */ = {isa = PBXFileReference; lastKnownFileType = sourcecode.swift; path = NSObject.swift; sourceTree = "<group>"; };
		E91FB8E22A099E210028F33E /* UINavigationController.swift */ = {isa = PBXFileReference; lastKnownFileType = sourcecode.swift; path = UINavigationController.swift; sourceTree = "<group>"; };
		E91FB8E42A09A8090028F33E /* TestEpicRouter.swift */ = {isa = PBXFileReference; lastKnownFileType = sourcecode.swift; path = TestEpicRouter.swift; sourceTree = "<group>"; };
		E91FB8E52A09A8090028F33E /* TestEpicViewController.swift */ = {isa = PBXFileReference; lastKnownFileType = sourcecode.swift; path = TestEpicViewController.swift; sourceTree = "<group>"; };
		E91FB8E62A09A8090028F33E /* TestEpicProtocols.swift */ = {isa = PBXFileReference; lastKnownFileType = sourcecode.swift; path = TestEpicProtocols.swift; sourceTree = "<group>"; };
		E91FB8E72A09A8090028F33E /* TestEpicBuilder.swift */ = {isa = PBXFileReference; lastKnownFileType = sourcecode.swift; path = TestEpicBuilder.swift; sourceTree = "<group>"; };
		E91FB8E82A09A8090028F33E /* TestEpicViewModel.swift */ = {isa = PBXFileReference; lastKnownFileType = sourcecode.swift; path = TestEpicViewModel.swift; sourceTree = "<group>"; };
		E91FB8F22A09BC470028F33E /* CollectionQwestions.swift */ = {isa = PBXFileReference; lastKnownFileType = sourcecode.swift; path = CollectionQwestions.swift; sourceTree = "<group>"; };
		E91FB8F42A09BDED0028F33E /* AnswerCollectionCell.swift */ = {isa = PBXFileReference; lastKnownFileType = sourcecode.swift; path = AnswerCollectionCell.swift; sourceTree = "<group>"; };
		E91FB8F62A09BE160028F33E /* BaseCollectionCell.swift */ = {isa = PBXFileReference; lastKnownFileType = sourcecode.swift; path = BaseCollectionCell.swift; sourceTree = "<group>"; };
		E91FB8F82A09C0590028F33E /* UIView.swift */ = {isa = PBXFileReference; lastKnownFileType = sourcecode.swift; path = UIView.swift; sourceTree = "<group>"; };
		E91FB8FB2A0A4E560028F33E /* PageViewController.swift */ = {isa = PBXFileReference; lastKnownFileType = sourcecode.swift; path = PageViewController.swift; sourceTree = "<group>"; };
		E91FB8FD2A0A51820028F33E /* ViewControllelQwestion.swift */ = {isa = PBXFileReference; lastKnownFileType = sourcecode.swift; path = ViewControllelQwestion.swift; sourceTree = "<group>"; };
		E91FB8FF2A0A5FFE0028F33E /* StackButton.swift */ = {isa = PBXFileReference; lastKnownFileType = sourcecode.swift; path = StackButton.swift; sourceTree = "<group>"; };
		E91FB9012A0A67450028F33E /* UIStackView.swift */ = {isa = PBXFileReference; lastKnownFileType = sourcecode.swift; path = UIStackView.swift; sourceTree = "<group>"; };
		E91FB9042A0A6ED50028F33E /* SaveImg.swift */ = {isa = PBXFileReference; lastKnownFileType = sourcecode.swift; path = SaveImg.swift; sourceTree = "<group>"; };
		E91FB9062A0A6F050028F33E /* SaveImпDirectory.swift */ = {isa = PBXFileReference; lastKnownFileType = sourcecode.swift; path = "SaveImпDirectory.swift"; sourceTree = "<group>"; };
		E91FB9082A0A6F3B0028F33E /* SaveImageExtension.swift */ = {isa = PBXFileReference; lastKnownFileType = sourcecode.swift; path = SaveImageExtension.swift; sourceTree = "<group>"; };
		E9869DC82A09840B00AF03DB /* UIResources.swift */ = {isa = PBXFileReference; lastKnownFileType = sourcecode.swift; path = UIResources.swift; sourceTree = "<group>"; };
		E9869DCF2A0985F700AF03DB /* Content.swift */ = {isa = PBXFileReference; lastKnownFileType = sourcecode.swift; path = Content.swift; sourceTree = "<group>"; };
		E9869DD12A09861C00AF03DB /* BaseModels.swift */ = {isa = PBXFileReference; lastKnownFileType = sourcecode.swift; path = BaseModels.swift; sourceTree = "<group>"; };
		E9BE46832A0AED83003C8B6C /* UserDefManager.swift */ = {isa = PBXFileReference; lastKnownFileType = sourcecode.swift; path = UserDefManager.swift; sourceTree = "<group>"; };
/* End PBXFileReference section */

/* Begin PBXFrameworksBuildPhase section */
		E9186EAC297C5726005B76BE /* Frameworks */ = {
			isa = PBXFrameworksBuildPhase;
			buildActionMask = 2147483647;
			files = (
				E95D6F422A0AE9D500E9C6B5 /* DTPhotoViewerController in Frameworks */,
				E9869DD52A0987FB00AF03DB /* SnapKit in Frameworks */,
			);
			runOnlyForDeploymentPostprocessing = 0;
		};
/* End PBXFrameworksBuildPhase section */

/* Begin PBXGroup section */
		0EFC136D2C287FF05E1908F7 /* Pods */ = {
			isa = PBXGroup;
			children = (
			);
			path = Pods;
			sourceTree = "<group>";
		};
		E9186EA6297C5726005B76BE = {
			isa = PBXGroup;
			children = (
				E9186EB1297C5726005B76BE /* Georgia */,
				E9186EB0297C5726005B76BE /* Products */,
				0EFC136D2C287FF05E1908F7 /* Pods */,
			);
			sourceTree = "<group>";
		};
		E9186EB0297C5726005B76BE /* Products */ = {
			isa = PBXGroup;
			children = (
				E9186EAF297C5726005B76BE /* Georgia.app */,
			);
			name = Products;
			sourceTree = "<group>";
		};
		E9186EB1297C5726005B76BE /* Georgia */ = {
			isa = PBXGroup;
			children = (
				E91FB8DF2A099CFD0028F33E /* Extensions */,
				E91FB8D02A0993C00028F33E /* Controllers */,
				E91FB8C22A0991D90028F33E /* UI */,
				E9869DC72A0983DA00AF03DB /* Data */,
				E9869DC62A0982CF00AF03DB /* Resources */,
			);
			path = Georgia;
			sourceTree = "<group>";
		};
		E91FB8BF2A09903F0028F33E /* Models */ = {
			isa = PBXGroup;
			children = (
				E9869DD12A09861C00AF03DB /* BaseModels.swift */,
			);
			path = Models;
			sourceTree = "<group>";
		};
		E91FB8C22A0991D90028F33E /* UI */ = {
			isa = PBXGroup;
			children = (
				E91FB8C72A0993360028F33E /* BaseUI */,
				E9869DC82A09840B00AF03DB /* UIResources.swift */,
				E91FB8C32A0992200028F33E /* Vibro.swift */,
			);
			path = UI;
			sourceTree = "<group>";
		};
		E91FB8C72A0993360028F33E /* BaseUI */ = {
			isa = PBXGroup;
			children = (
				E91FB8C82A0993360028F33E /* BaseViewController.swift */,
				E91FB8C92A0993360028F33E /* BaseCell.swift */,
				E91FB8F62A09BE160028F33E /* BaseCollectionCell.swift */,
				E91FB8CA2A0993360028F33E /* BaseNavigationController.swift */,
				E91FB8CB2A0993360028F33E /* Offsets.swift */,
			);
			path = BaseUI;
			sourceTree = "<group>";
		};
		E91FB8D02A0993C00028F33E /* Controllers */ = {
			isa = PBXGroup;
			children = (
				E91FB8DB2A0994BA0028F33E /* EpicsViewController */,
				E91FB8EE2A09A8130028F33E /* TestEpicViewController */,
				E91FB8FA2A0A4E3C0028F33E /* PageViewController */,
			);
			path = Controllers;
			sourceTree = "<group>";
		};
		E91FB8DB2A0994BA0028F33E /* EpicsViewController */ = {
			isa = PBXGroup;
			children = (
				E91FB8D12A0994170028F33E /* EpicsViewControllerRouter.swift */,
				E91FB8D22A0994170028F33E /* EpicsViewControllerViewController.swift */,
				E91FB8D32A0994170028F33E /* EpicsViewControllerProtocols.swift */,
				E91FB8D42A0994170028F33E /* EpicsViewControllerBuilder.swift */,
				E91FB8D52A0994170028F33E /* EpicsViewControllerViewModel.swift */,
				E91FB8DC2A09979A0028F33E /* Views */,
			);
			path = EpicsViewController;
			sourceTree = "<group>";
		};
		E91FB8DC2A09979A0028F33E /* Views */ = {
			isa = PBXGroup;
			children = (
				E91FB8DD2A0997B50028F33E /* EpicCell.swift */,
			);
			path = Views;
			sourceTree = "<group>";
		};
		E91FB8DF2A099CFD0028F33E /* Extensions */ = {
			isa = PBXGroup;
			children = (
				E91FB8E02A099D1D0028F33E /* NSObject.swift */,
				E91FB8E22A099E210028F33E /* UINavigationController.swift */,
				E91FB8F82A09C0590028F33E /* UIView.swift */,
				E91FB9012A0A67450028F33E /* UIStackView.swift */,
			);
			path = Extensions;
			sourceTree = "<group>";
		};
		E91FB8EE2A09A8130028F33E /* TestEpicViewController */ = {
			isa = PBXGroup;
			children = (
				E91FB8E42A09A8090028F33E /* TestEpicRouter.swift */,
				E91FB8E52A09A8090028F33E /* TestEpicViewController.swift */,
				E91FB8E62A09A8090028F33E /* TestEpicProtocols.swift */,
				E91FB8E72A09A8090028F33E /* TestEpicBuilder.swift */,
				E91FB8E82A09A8090028F33E /* TestEpicViewModel.swift */,
				E91FB8F12A09BC200028F33E /* Views */,
			);
			path = TestEpicViewController;
			sourceTree = "<group>";
		};
		E91FB8F12A09BC200028F33E /* Views */ = {
			isa = PBXGroup;
			children = (
				E91FB8F22A09BC470028F33E /* CollectionQwestions.swift */,
				E91FB8F42A09BDED0028F33E /* AnswerCollectionCell.swift */,
			);
			path = Views;
			sourceTree = "<group>";
		};
		E91FB8FA2A0A4E3C0028F33E /* PageViewController */ = {
			isa = PBXGroup;
			children = (
				E91FB8FB2A0A4E560028F33E /* PageViewController.swift */,
				E91FB8FD2A0A51820028F33E /* ViewControllelQwestion.swift */,
				E91FB8FF2A0A5FFE0028F33E /* StackButton.swift */,
			);
			path = PageViewController;
			sourceTree = "<group>";
		};
		E91FB9032A0A6EA80028F33E /* SaveImage */ = {
			isa = PBXGroup;
			children = (
				E91FB9042A0A6ED50028F33E /* SaveImg.swift */,
				E91FB9062A0A6F050028F33E /* SaveImпDirectory.swift */,
				E91FB9082A0A6F3B0028F33E /* SaveImageExtension.swift */,
			);
			path = SaveImage;
			sourceTree = "<group>";
		};
		E9869DC62A0982CF00AF03DB /* Resources */ = {
			isa = PBXGroup;
			children = (
				E9186EB2297C5726005B76BE /* AppDelegate.swift */,
				E9186EBB297C5727005B76BE /* Assets.xcassets */,
				E9186EBD297C5727005B76BE /* LaunchScreen.storyboard */,
				E9186EC0297C5727005B76BE /* Info.plist */,
			);
			path = Resources;
			sourceTree = "<group>";
		};
		E9869DC72A0983DA00AF03DB /* Data */ = {
			isa = PBXGroup;
			children = (
				E91FB9032A0A6EA80028F33E /* SaveImage */,
				E9869DCF2A0985F700AF03DB /* Content.swift */,
				E90505F22A0CEC08007FC30E /* Content2.swift */,
				E91FB8C02A0990550028F33E /* DataManager.swift */,
				E9BE46832A0AED83003C8B6C /* UserDefManager.swift */,
				E91FB8BF2A09903F0028F33E /* Models */,
			);
			path = Data;
			sourceTree = "<group>";
		};
/* End PBXGroup section */

/* Begin PBXNativeTarget section */
		E9186EAE297C5726005B76BE /* Georgia */ = {
			isa = PBXNativeTarget;
			buildConfigurationList = E9186EC3297C5727005B76BE /* Build configuration list for PBXNativeTarget "Georgia" */;
			buildPhases = (
				E9186EAB297C5726005B76BE /* Sources */,
				E9186EAC297C5726005B76BE /* Frameworks */,
				E9186EAD297C5726005B76BE /* Resources */,
			);
			buildRules = (
			);
			dependencies = (
			);
			name = Georgia;
			packageProductDependencies = (
				E9869DD42A0987FB00AF03DB /* SnapKit */,
				E95D6F412A0AE9D500E9C6B5 /* DTPhotoViewerController */,
			);
			productName = Georgia;
			productReference = E9186EAF297C5726005B76BE /* Georgia.app */;
			productType = "com.apple.product-type.application";
		};
/* End PBXNativeTarget section */

/* Begin PBXProject section */
		E9186EA7297C5726005B76BE /* Project object */ = {
			isa = PBXProject;
			attributes = {
				BuildIndependentTargetsInParallel = 1;
				LastSwiftUpdateCheck = 1410;
				LastUpgradeCheck = 1410;
				TargetAttributes = {
					E9186EAE297C5726005B76BE = {
						CreatedOnToolsVersion = 14.1;
					};
				};
			};
			buildConfigurationList = E9186EAA297C5726005B76BE /* Build configuration list for PBXProject "Georgia" */;
			compatibilityVersion = "Xcode 14.0";
			developmentRegion = en;
			hasScannedForEncodings = 0;
			knownRegions = (
				en,
				Base,
			);
			mainGroup = E9186EA6297C5726005B76BE;
			packageReferences = (
				E9869DD32A0987FB00AF03DB /* XCRemoteSwiftPackageReference "SnapKit" */,
				E95D6F402A0AE9D500E9C6B5 /* XCRemoteSwiftPackageReference "DTPhotoViewerController" */,
			);
			productRefGroup = E9186EB0297C5726005B76BE /* Products */;
			projectDirPath = "";
			projectRoot = "";
			targets = (
				E9186EAE297C5726005B76BE /* Georgia */,
			);
		};
/* End PBXProject section */

/* Begin PBXResourcesBuildPhase section */
		E9186EAD297C5726005B76BE /* Resources */ = {
			isa = PBXResourcesBuildPhase;
			buildActionMask = 2147483647;
			files = (
				E98F23ED2A0C2A1500ABE154 /* Assets.xcassets in Resources */,
				E98F23EC2A0C295F00ABE154 /* LaunchScreen.storyboard in Resources */,
			);
			runOnlyForDeploymentPostprocessing = 0;
		};
/* End PBXResourcesBuildPhase section */

/* Begin PBXSourcesBuildPhase section */
		E9186EAB297C5726005B76BE /* Sources */ = {
			isa = PBXSourcesBuildPhase;
			buildActionMask = 2147483647;
			files = (
				E91FB9072A0A6F050028F33E /* SaveImпDirectory.swift in Sources */,
				E91FB8C42A0992200028F33E /* Vibro.swift in Sources */,
				E9186EB3297C5726005B76BE /* AppDelegate.swift in Sources */,
				E91FB8F32A09BC470028F33E /* CollectionQwestions.swift in Sources */,
				E91FB8F92A09C0590028F33E /* UIView.swift in Sources */,
				E91FB8EB2A09A8090028F33E /* TestEpicProtocols.swift in Sources */,
				E9869DC92A09840B00AF03DB /* UIResources.swift in Sources */,
				E91FB8F72A09BE160028F33E /* BaseCollectionCell.swift in Sources */,
				E91FB8E12A099D1D0028F33E /* NSObject.swift in Sources */,
				E91FB9092A0A6F3B0028F33E /* SaveImageExtension.swift in Sources */,
				E91FB8E32A099E210028F33E /* UINavigationController.swift in Sources */,
				E91FB9022A0A67450028F33E /* UIStackView.swift in Sources */,
				E91FB8CC2A0993360028F33E /* BaseViewController.swift in Sources */,
				E91FB8ED2A09A8090028F33E /* TestEpicViewModel.swift in Sources */,
				E90505F32A0CEC08007FC30E /* Content2.swift in Sources */,
				E91FB8D62A0994170028F33E /* EpicsViewControllerRouter.swift in Sources */,
				E91FB8F52A09BDED0028F33E /* AnswerCollectionCell.swift in Sources */,
				E91FB8C12A0990550028F33E /* DataManager.swift in Sources */,
				E91FB8CD2A0993360028F33E /* BaseCell.swift in Sources */,
				E9BE46842A0AED83003C8B6C /* UserDefManager.swift in Sources */,
				E91FB8EA2A09A8090028F33E /* TestEpicViewController.swift in Sources */,
				E91FB8D82A0994170028F33E /* EpicsViewControllerProtocols.swift in Sources */,
				E91FB8CF2A0993360028F33E /* Offsets.swift in Sources */,
				E91FB8CE2A0993360028F33E /* BaseNavigationController.swift in Sources */,
				E91FB8D92A0994170028F33E /* EpicsViewControllerBuilder.swift in Sources */,
				E91FB8FE2A0A51820028F33E /* ViewControllelQwestion.swift in Sources */,
				E91FB8FC2A0A4E560028F33E /* PageViewController.swift in Sources */,
				E91FB8E92A09A8090028F33E /* TestEpicRouter.swift in Sources */,
				E91FB8DE2A0997B50028F33E /* EpicCell.swift in Sources */,
				E91FB9052A0A6ED50028F33E /* SaveImg.swift in Sources */,
				E91FB8D72A0994170028F33E /* EpicsViewControllerViewController.swift in Sources */,
				E91FB8EC2A09A8090028F33E /* TestEpicBuilder.swift in Sources */,
				E91FB8DA2A0994170028F33E /* EpicsViewControllerViewModel.swift in Sources */,
				E9869DD02A0985F700AF03DB /* Content.swift in Sources */,
				E91FB9002A0A5FFE0028F33E /* StackButton.swift in Sources */,
				E9869DD22A09861C00AF03DB /* BaseModels.swift in Sources */,
			);
			runOnlyForDeploymentPostprocessing = 0;
		};
/* End PBXSourcesBuildPhase section */

/* Begin PBXVariantGroup section */
		E9186EBD297C5727005B76BE /* LaunchScreen.storyboard */ = {
			isa = PBXVariantGroup;
			children = (
				E9186EBE297C5727005B76BE /* Base */,
			);
			name = LaunchScreen.storyboard;
			sourceTree = "<group>";
		};
/* End PBXVariantGroup section */

/* Begin XCBuildConfiguration section */
		E9186EC1297C5727005B76BE /* Debug */ = {
			isa = XCBuildConfiguration;
			buildSettings = {
				ALWAYS_SEARCH_USER_PATHS = NO;
				CLANG_ANALYZER_NONNULL = YES;
				CLANG_ANALYZER_NUMBER_OBJECT_CONVERSION = YES_AGGRESSIVE;
				CLANG_CXX_LANGUAGE_STANDARD = "gnu++20";
				CLANG_ENABLE_MODULES = YES;
				CLANG_ENABLE_OBJC_ARC = YES;
				CLANG_ENABLE_OBJC_WEAK = YES;
				CLANG_WARN_BLOCK_CAPTURE_AUTORELEASING = YES;
				CLANG_WARN_BOOL_CONVERSION = YES;
				CLANG_WARN_COMMA = YES;
				CLANG_WARN_CONSTANT_CONVERSION = YES;
				CLANG_WARN_DEPRECATED_OBJC_IMPLEMENTATIONS = YES;
				CLANG_WARN_DIRECT_OBJC_ISA_USAGE = YES_ERROR;
				CLANG_WARN_DOCUMENTATION_COMMENTS = YES;
				CLANG_WARN_EMPTY_BODY = YES;
				CLANG_WARN_ENUM_CONVERSION = YES;
				CLANG_WARN_INFINITE_RECURSION = YES;
				CLANG_WARN_INT_CONVERSION = YES;
				CLANG_WARN_NON_LITERAL_NULL_CONVERSION = YES;
				CLANG_WARN_OBJC_IMPLICIT_RETAIN_SELF = YES;
				CLANG_WARN_OBJC_LITERAL_CONVERSION = YES;
				CLANG_WARN_OBJC_ROOT_CLASS = YES_ERROR;
				CLANG_WARN_QUOTED_INCLUDE_IN_FRAMEWORK_HEADER = YES;
				CLANG_WARN_RANGE_LOOP_ANALYSIS = YES;
				CLANG_WARN_STRICT_PROTOTYPES = YES;
				CLANG_WARN_SUSPICIOUS_MOVE = YES;
				CLANG_WARN_UNGUARDED_AVAILABILITY = YES_AGGRESSIVE;
				CLANG_WARN_UNREACHABLE_CODE = YES;
				CLANG_WARN__DUPLICATE_METHOD_MATCH = YES;
				COPY_PHASE_STRIP = NO;
				DEBUG_INFORMATION_FORMAT = dwarf;
				ENABLE_STRICT_OBJC_MSGSEND = YES;
				ENABLE_TESTABILITY = YES;
				GCC_C_LANGUAGE_STANDARD = gnu11;
				GCC_DYNAMIC_NO_PIC = NO;
				GCC_NO_COMMON_BLOCKS = YES;
				GCC_OPTIMIZATION_LEVEL = 0;
				GCC_PREPROCESSOR_DEFINITIONS = (
					"DEBUG=1",
					"$(inherited)",
				);
				GCC_WARN_64_TO_32_BIT_CONVERSION = YES;
				GCC_WARN_ABOUT_RETURN_TYPE = YES_ERROR;
				GCC_WARN_UNDECLARED_SELECTOR = YES;
				GCC_WARN_UNINITIALIZED_AUTOS = YES_AGGRESSIVE;
				GCC_WARN_UNUSED_FUNCTION = YES;
				GCC_WARN_UNUSED_VARIABLE = YES;
				IPHONEOS_DEPLOYMENT_TARGET = 16.1;
				MTL_ENABLE_DEBUG_INFO = INCLUDE_SOURCE;
				MTL_FAST_MATH = YES;
				ONLY_ACTIVE_ARCH = YES;
				SDKROOT = iphoneos;
				SWIFT_ACTIVE_COMPILATION_CONDITIONS = DEBUG;
				SWIFT_OPTIMIZATION_LEVEL = "-Onone";
			};
			name = Debug;
		};
		E9186EC2297C5727005B76BE /* Release */ = {
			isa = XCBuildConfiguration;
			buildSettings = {
				ALWAYS_SEARCH_USER_PATHS = NO;
				CLANG_ANALYZER_NONNULL = YES;
				CLANG_ANALYZER_NUMBER_OBJECT_CONVERSION = YES_AGGRESSIVE;
				CLANG_CXX_LANGUAGE_STANDARD = "gnu++20";
				CLANG_ENABLE_MODULES = YES;
				CLANG_ENABLE_OBJC_ARC = YES;
				CLANG_ENABLE_OBJC_WEAK = YES;
				CLANG_WARN_BLOCK_CAPTURE_AUTORELEASING = YES;
				CLANG_WARN_BOOL_CONVERSION = YES;
				CLANG_WARN_COMMA = YES;
				CLANG_WARN_CONSTANT_CONVERSION = YES;
				CLANG_WARN_DEPRECATED_OBJC_IMPLEMENTATIONS = YES;
				CLANG_WARN_DIRECT_OBJC_ISA_USAGE = YES_ERROR;
				CLANG_WARN_DOCUMENTATION_COMMENTS = YES;
				CLANG_WARN_EMPTY_BODY = YES;
				CLANG_WARN_ENUM_CONVERSION = YES;
				CLANG_WARN_INFINITE_RECURSION = YES;
				CLANG_WARN_INT_CONVERSION = YES;
				CLANG_WARN_NON_LITERAL_NULL_CONVERSION = YES;
				CLANG_WARN_OBJC_IMPLICIT_RETAIN_SELF = YES;
				CLANG_WARN_OBJC_LITERAL_CONVERSION = YES;
				CLANG_WARN_OBJC_ROOT_CLASS = YES_ERROR;
				CLANG_WARN_QUOTED_INCLUDE_IN_FRAMEWORK_HEADER = YES;
				CLANG_WARN_RANGE_LOOP_ANALYSIS = YES;
				CLANG_WARN_STRICT_PROTOTYPES = YES;
				CLANG_WARN_SUSPICIOUS_MOVE = YES;
				CLANG_WARN_UNGUARDED_AVAILABILITY = YES_AGGRESSIVE;
				CLANG_WARN_UNREACHABLE_CODE = YES;
				CLANG_WARN__DUPLICATE_METHOD_MATCH = YES;
				COPY_PHASE_STRIP = NO;
				DEBUG_INFORMATION_FORMAT = "dwarf-with-dsym";
				ENABLE_NS_ASSERTIONS = NO;
				ENABLE_STRICT_OBJC_MSGSEND = YES;
				GCC_C_LANGUAGE_STANDARD = gnu11;
				GCC_NO_COMMON_BLOCKS = YES;
				GCC_WARN_64_TO_32_BIT_CONVERSION = YES;
				GCC_WARN_ABOUT_RETURN_TYPE = YES_ERROR;
				GCC_WARN_UNDECLARED_SELECTOR = YES;
				GCC_WARN_UNINITIALIZED_AUTOS = YES_AGGRESSIVE;
				GCC_WARN_UNUSED_FUNCTION = YES;
				GCC_WARN_UNUSED_VARIABLE = YES;
				IPHONEOS_DEPLOYMENT_TARGET = 16.1;
				MTL_ENABLE_DEBUG_INFO = NO;
				MTL_FAST_MATH = YES;
				SDKROOT = iphoneos;
				SWIFT_COMPILATION_MODE = wholemodule;
				SWIFT_OPTIMIZATION_LEVEL = "-O";
				VALIDATE_PRODUCT = YES;
			};
			name = Release;
		};
		E9186EC4297C5727005B76BE /* Debug */ = {
			isa = XCBuildConfiguration;
			buildSettings = {
				ASSETCATALOG_COMPILER_APPICON_NAME = AppIcon;
				ASSETCATALOG_COMPILER_GLOBAL_ACCENT_COLOR_NAME = AccentColor;
				ASSETCATALOG_COMPILER_INCLUDE_ALL_APPICON_ASSETS = NO;
				CODE_SIGN_STYLE = Automatic;
				CURRENT_PROJECT_VERSION = 1;
				DEVELOPMENT_TEAM = DSLR9L6TS7;
				GENERATE_INFOPLIST_FILE = YES;
				INFOPLIST_FILE = Georgia/Resources/Info.plist;
				INFOPLIST_KEY_UIApplicationSupportsIndirectInputEvents = YES;
				INFOPLIST_KEY_UILaunchStoryboardName = LaunchScreen;
				INFOPLIST_KEY_UIMainStoryboardFile = "";
				INFOPLIST_KEY_UISupportedInterfaceOrientations = UIInterfaceOrientationPortrait;
				INFOPLIST_KEY_UISupportedInterfaceOrientations_iPad = "UIInterfaceOrientationLandscapeLeft UIInterfaceOrientationLandscapeRight";
				INFOPLIST_KEY_UIUserInterfaceStyle = Light;
				IPHONEOS_DEPLOYMENT_TARGET = 15.0;
				LD_RUNPATH_SEARCH_PATHS = (
					"$(inherited)",
					"@executable_path/Frameworks",
				);
				MARKETING_VERSION = 1.0;
				PRODUCT_BUNDLE_IDENTIFIER = com.testTest.unit.Georgia;
				PRODUCT_NAME = "$(TARGET_NAME)";
				SUPPORTED_PLATFORMS = "iphoneos iphonesimulator";
				SUPPORTS_MACCATALYST = NO;
				SUPPORTS_MAC_DESIGNED_FOR_IPHONE_IPAD = NO;
				SWIFT_EMIT_LOC_STRINGS = YES;
				SWIFT_VERSION = 5.0;
				TARGETED_DEVICE_FAMILY = 1;
			};
			name = Debug;
		};
		E9186EC5297C5727005B76BE /* Release */ = {
			isa = XCBuildConfiguration;
			buildSettings = {
				ASSETCATALOG_COMPILER_APPICON_NAME = AppIcon;
				ASSETCATALOG_COMPILER_GLOBAL_ACCENT_COLOR_NAME = AccentColor;
				ASSETCATALOG_COMPILER_INCLUDE_ALL_APPICON_ASSETS = NO;
				CODE_SIGN_STYLE = Automatic;
				CURRENT_PROJECT_VERSION = 1;
				DEVELOPMENT_TEAM = DSLR9L6TS7;
				GENERATE_INFOPLIST_FILE = YES;
				INFOPLIST_FILE = Georgia/Resources/Info.plist;
				INFOPLIST_KEY_UIApplicationSupportsIndirectInputEvents = YES;
				INFOPLIST_KEY_UILaunchStoryboardName = LaunchScreen;
				INFOPLIST_KEY_UIMainStoryboardFile = "";
				INFOPLIST_KEY_UISupportedInterfaceOrientations = UIInterfaceOrientationPortrait;
				INFOPLIST_KEY_UISupportedInterfaceOrientations_iPad = "UIInterfaceOrientationLandscapeLeft UIInterfaceOrientationLandscapeRight";
				INFOPLIST_KEY_UIUserInterfaceStyle = Light;
				IPHONEOS_DEPLOYMENT_TARGET = 15.0;
				LD_RUNPATH_SEARCH_PATHS = (
					"$(inherited)",
					"@executable_path/Frameworks",
				);
				MARKETING_VERSION = 1.0;
				PRODUCT_BUNDLE_IDENTIFIER = com.testTest.unit.Georgia;
				PRODUCT_NAME = "$(TARGET_NAME)";
				SUPPORTED_PLATFORMS = "iphoneos iphonesimulator";
				SUPPORTS_MACCATALYST = NO;
				SUPPORTS_MAC_DESIGNED_FOR_IPHONE_IPAD = NO;
				SWIFT_EMIT_LOC_STRINGS = YES;
				SWIFT_VERSION = 5.0;
				TARGETED_DEVICE_FAMILY = 1;
			};
			name = Release;
		};
/* End XCBuildConfiguration section */

/* Begin XCConfigurationList section */
		E9186EAA297C5726005B76BE /* Build configuration list for PBXProject "Georgia" */ = {
			isa = XCConfigurationList;
			buildConfigurations = (
				E9186EC1297C5727005B76BE /* Debug */,
				E9186EC2297C5727005B76BE /* Release */,
			);
			defaultConfigurationIsVisible = 0;
			defaultConfigurationName = Release;
		};
		E9186EC3297C5727005B76BE /* Build configuration list for PBXNativeTarget "Georgia" */ = {
			isa = XCConfigurationList;
			buildConfigurations = (
				E9186EC4297C5727005B76BE /* Debug */,
				E9186EC5297C5727005B76BE /* Release */,
			);
			defaultConfigurationIsVisible = 0;
			defaultConfigurationName = Release;
		};
/* End XCConfigurationList section */

/* Begin XCRemoteSwiftPackageReference section */
		E95D6F402A0AE9D500E9C6B5 /* XCRemoteSwiftPackageReference "DTPhotoViewerController" */ = {
			isa = XCRemoteSwiftPackageReference;
			repositoryURL = "https://github.com/tungvoduc/DTPhotoViewerController";
			requirement = {
				kind = upToNextMajorVersion;
				minimumVersion = 3.0.0;
			};
		};
		E9869DD32A0987FB00AF03DB /* XCRemoteSwiftPackageReference "SnapKit" */ = {
			isa = XCRemoteSwiftPackageReference;
			repositoryURL = "https://github.com/SnapKit/SnapKit.git";
			requirement = {
				branch = develop;
				kind = branch;
			};
		};
/* End XCRemoteSwiftPackageReference section */

/* Begin XCSwiftPackageProductDependency section */
		E95D6F412A0AE9D500E9C6B5 /* DTPhotoViewerController */ = {
			isa = XCSwiftPackageProductDependency;
			package = E95D6F402A0AE9D500E9C6B5 /* XCRemoteSwiftPackageReference "DTPhotoViewerController" */;
			productName = DTPhotoViewerController;
		};
		E9869DD42A0987FB00AF03DB /* SnapKit */ = {
			isa = XCSwiftPackageProductDependency;
			package = E9869DD32A0987FB00AF03DB /* XCRemoteSwiftPackageReference "SnapKit" */;
			productName = SnapKit;
		};
/* End XCSwiftPackageProductDependency section */
	};
	rootObject = E9186EA7297C5726005B76BE /* Project object */;
}
